<?xml version="1.0" encoding="UTF-8" standalone="yes" ?>
<CodeBlocks_project_file>
	<FileVersion major="1" minor="6" />
	<Project>
		<Option title="PEG" />
		<Option pch_mode="2" />
		<Option compiler="gcc" />
		<Build>
			<Target title="Release">
				<Option output="PEG" prefix_auto="1" extension_auto="1" />
				<Option object_output="obj/Release/" />
				<Option type="1" />
				<Option compiler="gcc" />
				<Compiler>
					<Add option="-O2" />
				</Compiler>
				<Linker>
					<Add option="-s" />
				</Linker>
			</Target>
			<Target title="Debug">
				<Option output="PEG" prefix_auto="1" extension_auto="1" />
				<Option object_output="obj/Debug/" />
				<Option type="1" />
				<Option compiler="gcc" />
				<Compiler>
					<Add option="-g" />
				</Compiler>
				<Linker>
					<Add option="-g" />
				</Linker>
			</Target>
		</Build>
		<Compiler>
			<Add option="-Wall" />
			<Add option="-fexceptions" />
		</Compiler>
		<Unit filename="Test/bench_expression.cpp" />
		<Unit filename="Test/bench_expression.h" />
		<Unit filename="Test/test_encoding.cpp" />
		<Unit filename="Test/test_encoding.h" />
		<Unit filename="Test/test_expresion_parser.cpp" />
		<Unit filename="backend_encoding.h" />
		<Unit filename="code_array.h" />
		<Unit filename="encoding.cpp" />
		<Unit filename="encoding.h" />
		<Unit filename="expression_jit.cpp" />
		<Unit filename="expression_jit.h" />
		<Unit filename="expression_parser.cpp" />
		<Unit filename="expression_parser.h" />
		<Unit filename="main.cpp" />
		<Unit filename="opcodes.h" />
		<Unit filename="string_utility.h" />
		<Unit filename="timing.h" />
		<Unit filename="util.h" />
		<Unit filename="value_traits.h" />
		<Extensions>
			<lib_finder disable_auto="1" />
		</Extensions>
	</Project>
</CodeBlocks_project_file>
